// !$*UTF8*$!
{
	archiveVersion = 1;
	classes = {
	};
	objectVersion = 46;
	objects = {

/* Begin PBXBuildFile section */
		0E12B0451B09DEC000DDB57E /* AppDelegate.m in Sources */ = {isa = PBXBuildFile; fileRef = 0E12B0441B09DEC000DDB57E /* AppDelegate.m */; };
		0E12B0481B09DEC000DDB57E /* ViewController.m in Sources */ = {isa = PBXBuildFile; fileRef = 0E12B0471B09DEC000DDB57E /* ViewController.m */; };
		0E12B04B1B09DEC000DDB57E /* Main.storyboard in Resources */ = {isa = PBXBuildFile; fileRef = 0E12B0491B09DEC000DDB57E /* Main.storyboard */; };
		0E12B04D1B09DEC000DDB57E /* Images.xcassets in Resources */ = {isa = PBXBuildFile; fileRef = 0E12B04C1B09DEC000DDB57E /* Images.xcassets */; };
		0E12B0501B09DEC000DDB57E /* LaunchScreen.xib in Resources */ = {isa = PBXBuildFile; fileRef = 0E12B04E1B09DEC000DDB57E /* LaunchScreen.xib */; };
		0E12B05C1B09DEC000DDB57E /* Twitter_TestTests.m in Sources */ = {isa = PBXBuildFile; fileRef = 0E12B05B1B09DEC000DDB57E /* Twitter_TestTests.m */; };
		0E12B0751B09EAD000DDB57E /* ActivPhone 7_Btn_Menu3.png in Resources */ = {isa = PBXBuildFile; fileRef = 0E12B06D1B09EAD000DDB57E /* ActivPhone 7_Btn_Menu3.png */; };
		0E12B0761B09EAD000DDB57E /* ActivPhone 7_Btn_Std.png in Resources */ = {isa = PBXBuildFile; fileRef = 0E12B06E1B09EAD000DDB57E /* ActivPhone 7_Btn_Std.png */; };
		0E12B0771B09EAD000DDB57E /* ActivPhone 7_Edt.png in Resources */ = {isa = PBXBuildFile; fileRef = 0E12B06F1B09EAD000DDB57E /* ActivPhone 7_Edt.png */; };
		0E12B0781B09EAD000DDB57E /* follow 2.png in Resources */ = {isa = PBXBuildFile; fileRef = 0E12B0701B09EAD000DDB57E /* follow 2.png */; };
		0E12B0791B09EAD000DDB57E /* follow.png in Resources */ = {isa = PBXBuildFile; fileRef = 0E12B0711B09EAD000DDB57E /* follow.png */; };
		0E12B07A1B09EAD000DDB57E /* twitter_login 2.png in Resources */ = {isa = PBXBuildFile; fileRef = 0E12B0721B09EAD000DDB57E /* twitter_login 2.png */; };
		0E12B07B1B09EAD000DDB57E /* twitter_login.png in Resources */ = {isa = PBXBuildFile; fileRef = 0E12B0731B09EAD000DDB57E /* twitter_login.png */; };
		0E12B07C1B09EAD000DDB57E /* twitter_logo.jpg in Resources */ = {isa = PBXBuildFile; fileRef = 0E12B0741B09EAD000DDB57E /* twitter_logo.jpg */; };
		0E12B0A31B0CC96A00DDB57E /* AFHTTPRequestOperation.m in Sources */ = {isa = PBXBuildFile; fileRef = 0E12B07F1B0CC96A00DDB57E /* AFHTTPRequestOperation.m */; };
		0E12B0A41B0CC96A00DDB57E /* AFHTTPRequestOperationManager.m in Sources */ = {isa = PBXBuildFile; fileRef = 0E12B0811B0CC96A00DDB57E /* AFHTTPRequestOperationManager.m */; };
		0E12B0A51B0CC96A00DDB57E /* AFHTTPSessionManager.m in Sources */ = {isa = PBXBuildFile; fileRef = 0E12B0831B0CC96A00DDB57E /* AFHTTPSessionManager.m */; };
		0E12B0A61B0CC96A00DDB57E /* AFNetworkReachabilityManager.m in Sources */ = {isa = PBXBuildFile; fileRef = 0E12B0861B0CC96A00DDB57E /* AFNetworkReachabilityManager.m */; };
		0E12B0A71B0CC96A00DDB57E /* AFSecurityPolicy.m in Sources */ = {isa = PBXBuildFile; fileRef = 0E12B0881B0CC96A00DDB57E /* AFSecurityPolicy.m */; };
		0E12B0A81B0CC96A00DDB57E /* AFURLConnectionOperation.m in Sources */ = {isa = PBXBuildFile; fileRef = 0E12B08A1B0CC96A00DDB57E /* AFURLConnectionOperation.m */; };
		0E12B0A91B0CC96A00DDB57E /* AFURLRequestSerialization.m in Sources */ = {isa = PBXBuildFile; fileRef = 0E12B08C1B0CC96A00DDB57E /* AFURLRequestSerialization.m */; };
		0E12B0AA1B0CC96A00DDB57E /* AFURLResponseSerialization.m in Sources */ = {isa = PBXBuildFile; fileRef = 0E12B08E1B0CC96A00DDB57E /* AFURLResponseSerialization.m */; };
		0E12B0AB1B0CC96A00DDB57E /* AFURLSessionManager.m in Sources */ = {isa = PBXBuildFile; fileRef = 0E12B0901B0CC96A00DDB57E /* AFURLSessionManager.m */; };
		0E12B0AC1B0CC96A00DDB57E /* AFNetworkActivityIndicatorManager.m in Sources */ = {isa = PBXBuildFile; fileRef = 0E12B0931B0CC96A00DDB57E /* AFNetworkActivityIndicatorManager.m */; };
		0E12B0AD1B0CC96A00DDB57E /* UIActivityIndicatorView+AFNetworking.m in Sources */ = {isa = PBXBuildFile; fileRef = 0E12B0951B0CC96A00DDB57E /* UIActivityIndicatorView+AFNetworking.m */; };
		0E12B0AE1B0CC96A00DDB57E /* UIAlertView+AFNetworking.m in Sources */ = {isa = PBXBuildFile; fileRef = 0E12B0971B0CC96A00DDB57E /* UIAlertView+AFNetworking.m */; };
		0E12B0AF1B0CC96A00DDB57E /* UIButton+AFNetworking.m in Sources */ = {isa = PBXBuildFile; fileRef = 0E12B0991B0CC96A00DDB57E /* UIButton+AFNetworking.m */; };
		0E12B0B01B0CC96A00DDB57E /* UIImageView+AFNetworking.m in Sources */ = {isa = PBXBuildFile; fileRef = 0E12B09B1B0CC96A00DDB57E /* UIImageView+AFNetworking.m */; };
		0E12B0B11B0CC96A00DDB57E /* UIProgressView+AFNetworking.m in Sources */ = {isa = PBXBuildFile; fileRef = 0E12B09E1B0CC96A00DDB57E /* UIProgressView+AFNetworking.m */; };
		0E12B0B21B0CC96A00DDB57E /* UIRefreshControl+AFNetworking.m in Sources */ = {isa = PBXBuildFile; fileRef = 0E12B0A01B0CC96A00DDB57E /* UIRefreshControl+AFNetworking.m */; };
		0E12B0B31B0CC96A00DDB57E /* UIWebView+AFNetworking.m in Sources */ = {isa = PBXBuildFile; fileRef = 0E12B0A21B0CC96A00DDB57E /* UIWebView+AFNetworking.m */; };
		0E12B0B51B0CF0F000DDB57E /* main.m in Sources */ = {isa = PBXBuildFile; fileRef = 0E12B0B41B0CF0F000DDB57E /* main.m */; };
/* End PBXBuildFile section */

/* Begin PBXContainerItemProxy section */
		0E12B0561B09DEC000DDB57E /* PBXContainerItemProxy */ = {
			isa = PBXContainerItemProxy;
			containerPortal = 0E12B0341B09DEC000DDB57E /* Project object */;
			proxyType = 1;
			remoteGlobalIDString = 0E12B03B1B09DEC000DDB57E;
			remoteInfo = "Twitter Test";
		};
/* End PBXContainerItemProxy section */

/* Begin PBXFileReference section */
		0E12B03C1B09DEC000DDB57E /* Twitter Test.app */ = {isa = PBXFileReference; explicitFileType = wrapper.application; includeInIndex = 0; path = "Twitter Test.app"; sourceTree = BUILT_PRODUCTS_DIR; };
		0E12B0401B09DEC000DDB57E /* Info.plist */ = {isa = PBXFileReference; lastKnownFileType = text.plist.xml; path = Info.plist; sourceTree = "<group>"; };
		0E12B0431B09DEC000DDB57E /* AppDelegate.h */ = {isa = PBXFileReference; lastKnownFileType = sourcecode.c.h; path = AppDelegate.h; sourceTree = "<group>"; };
		0E12B0441B09DEC000DDB57E /* AppDelegate.m */ = {isa = PBXFileReference; lastKnownFileType = sourcecode.c.objc; path = AppDelegate.m; sourceTree = "<group>"; };
		0E12B0461B09DEC000DDB57E /* ViewController.h */ = {isa = PBXFileReference; lastKnownFileType = sourcecode.c.h; path = ViewController.h; sourceTree = "<group>"; };
		0E12B0471B09DEC000DDB57E /* ViewController.m */ = {isa = PBXFileReference; lastKnownFileType = sourcecode.c.objc; path = ViewController.m; sourceTree = "<group>"; };
		0E12B04A1B09DEC000DDB57E /* Base */ = {isa = PBXFileReference; lastKnownFileType = file.storyboard; name = Base; path = Base.lproj/Main.storyboard; sourceTree = "<group>"; };
		0E12B04C1B09DEC000DDB57E /* Images.xcassets */ = {isa = PBXFileReference; lastKnownFileType = folder.assetcatalog; path = Images.xcassets; sourceTree = "<group>"; };
		0E12B04F1B09DEC000DDB57E /* Base */ = {isa = PBXFileReference; lastKnownFileType = file.xib; name = Base; path = Base.lproj/LaunchScreen.xib; sourceTree = "<group>"; };
		0E12B0551B09DEC000DDB57E /* Twitter TestTests.xctest */ = {isa = PBXFileReference; explicitFileType = wrapper.cfbundle; includeInIndex = 0; path = "Twitter TestTests.xctest"; sourceTree = BUILT_PRODUCTS_DIR; };
		0E12B05A1B09DEC000DDB57E /* Info.plist */ = {isa = PBXFileReference; lastKnownFileType = text.plist.xml; path = Info.plist; sourceTree = "<group>"; };
		0E12B05B1B09DEC000DDB57E /* Twitter_TestTests.m */ = {isa = PBXFileReference; lastKnownFileType = sourcecode.c.objc; path = Twitter_TestTests.m; sourceTree = "<group>"; };
		0E12B06D1B09EAD000DDB57E /* ActivPhone 7_Btn_Menu3.png */ = {isa = PBXFileReference; lastKnownFileType = image.png; path = "ActivPhone 7_Btn_Menu3.png"; sourceTree = "<group>"; };
		0E12B06E1B09EAD000DDB57E /* ActivPhone 7_Btn_Std.png */ = {isa = PBXFileReference; lastKnownFileType = image.png; path = "ActivPhone 7_Btn_Std.png"; sourceTree = "<group>"; };
		0E12B06F1B09EAD000DDB57E /* ActivPhone 7_Edt.png */ = {isa = PBXFileReference; lastKnownFileType = image.png; path = "ActivPhone 7_Edt.png"; sourceTree = "<group>"; };
		0E12B0701B09EAD000DDB57E /* follow 2.png */ = {isa = PBXFileReference; lastKnownFileType = image.png; path = "follow 2.png"; sourceTree = "<group>"; };
		0E12B0711B09EAD000DDB57E /* follow.png */ = {isa = PBXFileReference; lastKnownFileType = image.png; path = follow.png; sourceTree = "<group>"; };
		0E12B0721B09EAD000DDB57E /* twitter_login 2.png */ = {isa = PBXFileReference; lastKnownFileType = image.png; path = "twitter_login 2.png"; sourceTree = "<group>"; };
		0E12B0731B09EAD000DDB57E /* twitter_login.png */ = {isa = PBXFileReference; lastKnownFileType = image.png; path = twitter_login.png; sourceTree = "<group>"; };
		0E12B0741B09EAD000DDB57E /* twitter_logo.jpg */ = {isa = PBXFileReference; lastKnownFileType = image.jpeg; path = twitter_logo.jpg; sourceTree = "<group>"; };
		0E12B07E1B0CC96A00DDB57E /* AFHTTPRequestOperation.h */ = {isa = PBXFileReference; fileEncoding = 4; lastKnownFileType = sourcecode.c.h; path = AFHTTPRequestOperation.h; sourceTree = "<group>"; };
		0E12B07F1B0CC96A00DDB57E /* AFHTTPRequestOperation.m */ = {isa = PBXFileReference; fileEncoding = 4; lastKnownFileType = sourcecode.c.objc; path = AFHTTPRequestOperation.m; sourceTree = "<group>"; };
		0E12B0801B0CC96A00DDB57E /* AFHTTPRequestOperationManager.h */ = {isa = PBXFileReference; fileEncoding = 4; lastKnownFileType = sourcecode.c.h; path = AFHTTPRequestOperationManager.h; sourceTree = "<group>"; };
		0E12B0811B0CC96A00DDB57E /* AFHTTPRequestOperationManager.m */ = {isa = PBXFileReference; fileEncoding = 4; lastKnownFileType = sourcecode.c.objc; path = AFHTTPRequestOperationManager.m; sourceTree = "<group>"; };
		0E12B0821B0CC96A00DDB57E /* AFHTTPSessionManager.h */ = {isa = PBXFileReference; fileEncoding = 4; lastKnownFileType = sourcecode.c.h; path = AFHTTPSessionManager.h; sourceTree = "<group>"; };
		0E12B0831B0CC96A00DDB57E /* AFHTTPSessionManager.m */ = {isa = PBXFileReference; fileEncoding = 4; lastKnownFileType = sourcecode.c.objc; path = AFHTTPSessionManager.m; sourceTree = "<group>"; };
		0E12B0841B0CC96A00DDB57E /* AFNetworking.h */ = {isa = PBXFileReference; fileEncoding = 4; lastKnownFileType = sourcecode.c.h; path = AFNetworking.h; sourceTree = "<group>"; };
		0E12B0851B0CC96A00DDB57E /* AFNetworkReachabilityManager.h */ = {isa = PBXFileReference; fileEncoding = 4; lastKnownFileType = sourcecode.c.h; path = AFNetworkReachabilityManager.h; sourceTree = "<group>"; };
		0E12B0861B0CC96A00DDB57E /* AFNetworkReachabilityManager.m */ = {isa = PBXFileReference; fileEncoding = 4; lastKnownFileType = sourcecode.c.objc; path = AFNetworkReachabilityManager.m; sourceTree = "<group>"; };
		0E12B0871B0CC96A00DDB57E /* AFSecurityPolicy.h */ = {isa = PBXFileReference; fileEncoding = 4; lastKnownFileType = sourcecode.c.h; path = AFSecurityPolicy.h; sourceTree = "<group>"; };
		0E12B0881B0CC96A00DDB57E /* AFSecurityPolicy.m */ = {isa = PBXFileReference; fileEncoding = 4; lastKnownFileType = sourcecode.c.objc; path = AFSecurityPolicy.m; sourceTree = "<group>"; };
		0E12B0891B0CC96A00DDB57E /* AFURLConnectionOperation.h */ = {isa = PBXFileReference; fileEncoding = 4; lastKnownFileType = sourcecode.c.h; path = AFURLConnectionOperation.h; sourceTree = "<group>"; };
		0E12B08A1B0CC96A00DDB57E /* AFURLConnectionOperation.m */ = {isa = PBXFileReference; fileEncoding = 4; lastKnownFileType = sourcecode.c.objc; path = AFURLConnectionOperation.m; sourceTree = "<group>"; };
		0E12B08B1B0CC96A00DDB57E /* AFURLRequestSerialization.h */ = {isa = PBXFileReference; fileEncoding = 4; lastKnownFileType = sourcecode.c.h; path = AFURLRequestSerialization.h; sourceTree = "<group>"; };
		0E12B08C1B0CC96A00DDB57E /* AFURLRequestSerialization.m */ = {isa = PBXFileReference; fileEncoding = 4; lastKnownFileType = sourcecode.c.objc; path = AFURLRequestSerialization.m; sourceTree = "<group>"; };
		0E12B08D1B0CC96A00DDB57E /* AFURLResponseSerialization.h */ = {isa = PBXFileReference; fileEncoding = 4; lastKnownFileType = sourcecode.c.h; path = AFURLResponseSerialization.h; sourceTree = "<group>"; };
		0E12B08E1B0CC96A00DDB57E /* AFURLResponseSerialization.m */ = {isa = PBXFileReference; fileEncoding = 4; lastKnownFileType = sourcecode.c.objc; path = AFURLResponseSerialization.m; sourceTree = "<group>"; };
		0E12B08F1B0CC96A00DDB57E /* AFURLSessionManager.h */ = {isa = PBXFileReference; fileEncoding = 4; lastKnownFileType = sourcecode.c.h; path = AFURLSessionManager.h; sourceTree = "<group>"; };
		0E12B0901B0CC96A00DDB57E /* AFURLSessionManager.m */ = {isa = PBXFileReference; fileEncoding = 4; lastKnownFileType = sourcecode.c.objc; path = AFURLSessionManager.m; sourceTree = "<group>"; };
		0E12B0921B0CC96A00DDB57E /* AFNetworkActivityIndicatorManager.h */ = {isa = PBXFileReference; fileEncoding = 4; lastKnownFileType = sourcecode.c.h; path = AFNetworkActivityIndicatorManager.h; sourceTree = "<group>"; };
		0E12B0931B0CC96A00DDB57E /* AFNetworkActivityIndicatorManager.m */ = {isa = PBXFileReference; fileEncoding = 4; lastKnownFileType = sourcecode.c.objc; path = AFNetworkActivityIndicatorManager.m; sourceTree = "<group>"; };
		0E12B0941B0CC96A00DDB57E /* UIActivityIndicatorView+AFNetworking.h */ = {isa = PBXFileReference; fileEncoding = 4; lastKnownFileType = sourcecode.c.h; path = "UIActivityIndicatorView+AFNetworking.h"; sourceTree = "<group>"; };
		0E12B0951B0CC96A00DDB57E /* UIActivityIndicatorView+AFNetworking.m */ = {isa = PBXFileReference; fileEncoding = 4; lastKnownFileType = sourcecode.c.objc; path = "UIActivityIndicatorView+AFNetworking.m"; sourceTree = "<group>"; };
		0E12B0961B0CC96A00DDB57E /* UIAlertView+AFNetworking.h */ = {isa = PBXFileReference; fileEncoding = 4; lastKnownFileType = sourcecode.c.h; path = "UIAlertView+AFNetworking.h"; sourceTree = "<group>"; };
		0E12B0971B0CC96A00DDB57E /* UIAlertView+AFNetworking.m */ = {isa = PBXFileReference; fileEncoding = 4; lastKnownFileType = sourcecode.c.objc; path = "UIAlertView+AFNetworking.m"; sourceTree = "<group>"; };
		0E12B0981B0CC96A00DDB57E /* UIButton+AFNetworking.h */ = {isa = PBXFileReference; fileEncoding = 4; lastKnownFileType = sourcecode.c.h; path = "UIButton+AFNetworking.h"; sourceTree = "<group>"; };
		0E12B0991B0CC96A00DDB57E /* UIButton+AFNetworking.m */ = {isa = PBXFileReference; fileEncoding = 4; lastKnownFileType = sourcecode.c.objc; path = "UIButton+AFNetworking.m"; sourceTree = "<group>"; };
		0E12B09A1B0CC96A00DDB57E /* UIImageView+AFNetworking.h */ = {isa = PBXFileReference; fileEncoding = 4; lastKnownFileType = sourcecode.c.h; path = "UIImageView+AFNetworking.h"; sourceTree = "<group>"; };
		0E12B09B1B0CC96A00DDB57E /* UIImageView+AFNetworking.m */ = {isa = PBXFileReference; fileEncoding = 4; lastKnownFileType = sourcecode.c.objc; path = "UIImageView+AFNetworking.m"; sourceTree = "<group>"; };
		0E12B09C1B0CC96A00DDB57E /* UIKit+AFNetworking.h */ = {isa = PBXFileReference; fileEncoding = 4; lastKnownFileType = sourcecode.c.h; path = "UIKit+AFNetworking.h"; sourceTree = "<group>"; };
		0E12B09D1B0CC96A00DDB57E /* UIProgressView+AFNetworking.h */ = {isa = PBXFileReference; fileEncoding = 4; lastKnownFileType = sourcecode.c.h; path = "UIProgressView+AFNetworking.h"; sourceTree = "<group>"; };
		0E12B09E1B0CC96A00DDB57E /* UIProgressView+AFNetworking.m */ = {isa = PBXFileReference; fileEncoding = 4; lastKnownFileType = sourcecode.c.objc; path = "UIProgressView+AFNetworking.m"; sourceTree = "<group>"; };
		0E12B09F1B0CC96A00DDB57E /* UIRefreshControl+AFNetworking.h */ = {isa = PBXFileReference; fileEncoding = 4; lastKnownFileType = sourcecode.c.h; path = "UIRefreshControl+AFNetworking.h"; sourceTree = "<group>"; };
		0E12B0A01B0CC96A00DDB57E /* UIRefreshControl+AFNetworking.m */ = {isa = PBXFileReference; fileEncoding = 4; lastKnownFileType = sourcecode.c.objc; path = "UIRefreshControl+AFNetworking.m"; sourceTree = "<group>"; };
		0E12B0A11B0CC96A00DDB57E /* UIWebView+AFNetworking.h */ = {isa = PBXFileReference; fileEncoding = 4; lastKnownFileType = sourcecode.c.h; path = "UIWebView+AFNetworking.h"; sourceTree = "<group>"; };
		0E12B0A21B0CC96A00DDB57E /* UIWebView+AFNetworking.m */ = {isa = PBXFileReference; fileEncoding = 4; lastKnownFileType = sourcecode.c.objc; path = "UIWebView+AFNetworking.m"; sourceTree = "<group>"; };
		0E12B0B41B0CF0F000DDB57E /* main.m */ = {isa = PBXFileReference; fileEncoding = 4; lastKnownFileType = sourcecode.c.objc; path = main.m; sourceTree = "<group>"; };
/* End PBXFileReference section */

/* Begin PBXFrameworksBuildPhase section */
		0E12B0391B09DEC000DDB57E /* Frameworks */ = {
			isa = PBXFrameworksBuildPhase;
			buildActionMask = 2147483647;
			files = (
			);
			runOnlyForDeploymentPostprocessing = 0;
		};
		0E12B0521B09DEC000DDB57E /* Frameworks */ = {
			isa = PBXFrameworksBuildPhase;
			buildActionMask = 2147483647;
			files = (
			);
			runOnlyForDeploymentPostprocessing = 0;
		};
/* End PBXFrameworksBuildPhase section */

/* Begin PBXGroup section */
		0E12B0331B09DEC000DDB57E = {
			isa = PBXGroup;
			children = (
				0E12B03E1B09DEC000DDB57E /* Twitter Test */,
				0E12B0581B09DEC000DDB57E /* Twitter TestTests */,
				0E12B03D1B09DEC000DDB57E /* Products */,
			);
			sourceTree = "<group>";
		};
		0E12B03D1B09DEC000DDB57E /* Products */ = {
			isa = PBXGroup;
			children = (
				0E12B03C1B09DEC000DDB57E /* Twitter Test.app */,
				0E12B0551B09DEC000DDB57E /* Twitter TestTests.xctest */,
			);
			name = Products;
			sourceTree = "<group>";
		};
		0E12B03E1B09DEC000DDB57E /* Twitter Test */ = {
			isa = PBXGroup;
			children = (
				0E12B07D1B0CC96A00DDB57E /* AFNetworking */,
				0E12B0911B0CC96A00DDB57E /* UIKit+AFNetworking */,
				0E12B06D1B09EAD000DDB57E /* ActivPhone 7_Btn_Menu3.png */,
				0E12B06E1B09EAD000DDB57E /* ActivPhone 7_Btn_Std.png */,
				0E12B06F1B09EAD000DDB57E /* ActivPhone 7_Edt.png */,
				0E12B0701B09EAD000DDB57E /* follow 2.png */,
				0E12B0711B09EAD000DDB57E /* follow.png */,
				0E12B0721B09EAD000DDB57E /* twitter_login 2.png */,
				0E12B0731B09EAD000DDB57E /* twitter_login.png */,
				0E12B0741B09EAD000DDB57E /* twitter_logo.jpg */,
				0E12B0431B09DEC000DDB57E /* AppDelegate.h */,
				0E12B0441B09DEC000DDB57E /* AppDelegate.m */,
				0E12B0461B09DEC000DDB57E /* ViewController.h */,
				0E12B0471B09DEC000DDB57E /* ViewController.m */,
				0E12B0491B09DEC000DDB57E /* Main.storyboard */,
				0E12B04C1B09DEC000DDB57E /* Images.xcassets */,
				0E12B04E1B09DEC000DDB57E /* LaunchScreen.xib */,
				0E12B03F1B09DEC000DDB57E /* Supporting Files */,
			);
			path = "Twitter Test";
			sourceTree = "<group>";
		};
		0E12B03F1B09DEC000DDB57E /* Supporting Files */ = {
			isa = PBXGroup;
			children = (
				0E12B0401B09DEC000DDB57E /* Info.plist */,
				0E12B0B41B0CF0F000DDB57E /* main.m */,
			);
			name = "Supporting Files";
			sourceTree = "<group>";
		};
		0E12B0581B09DEC000DDB57E /* Twitter TestTests */ = {
			isa = PBXGroup;
			children = (
				0E12B05B1B09DEC000DDB57E /* Twitter_TestTests.m */,
				0E12B0591B09DEC000DDB57E /* Supporting Files */,
			);
			path = "Twitter TestTests";
			sourceTree = "<group>";
		};
		0E12B0591B09DEC000DDB57E /* Supporting Files */ = {
			isa = PBXGroup;
			children = (
				0E12B05A1B09DEC000DDB57E /* Info.plist */,
			);
			name = "Supporting Files";
			sourceTree = "<group>";
		};
		0E12B07D1B0CC96A00DDB57E /* AFNetworking */ = {
			isa = PBXGroup;
			children = (
				0E12B07E1B0CC96A00DDB57E /* AFHTTPRequestOperation.h */,
				0E12B07F1B0CC96A00DDB57E /* AFHTTPRequestOperation.m */,
				0E12B0801B0CC96A00DDB57E /* AFHTTPRequestOperationManager.h */,
				0E12B0811B0CC96A00DDB57E /* AFHTTPRequestOperationManager.m */,
				0E12B0821B0CC96A00DDB57E /* AFHTTPSessionManager.h */,
				0E12B0831B0CC96A00DDB57E /* AFHTTPSessionManager.m */,
				0E12B0841B0CC96A00DDB57E /* AFNetworking.h */,
				0E12B0851B0CC96A00DDB57E /* AFNetworkReachabilityManager.h */,
				0E12B0861B0CC96A00DDB57E /* AFNetworkReachabilityManager.m */,
				0E12B0871B0CC96A00DDB57E /* AFSecurityPolicy.h */,
				0E12B0881B0CC96A00DDB57E /* AFSecurityPolicy.m */,
				0E12B0891B0CC96A00DDB57E /* AFURLConnectionOperation.h */,
				0E12B08A1B0CC96A00DDB57E /* AFURLConnectionOperation.m */,
				0E12B08B1B0CC96A00DDB57E /* AFURLRequestSerialization.h */,
				0E12B08C1B0CC96A00DDB57E /* AFURLRequestSerialization.m */,
				0E12B08D1B0CC96A00DDB57E /* AFURLResponseSerialization.h */,
				0E12B08E1B0CC96A00DDB57E /* AFURLResponseSerialization.m */,
				0E12B08F1B0CC96A00DDB57E /* AFURLSessionManager.h */,
				0E12B0901B0CC96A00DDB57E /* AFURLSessionManager.m */,
			);
			path = AFNetworking;
			sourceTree = "<group>";
		};
		0E12B0911B0CC96A00DDB57E /* UIKit+AFNetworking */ = {
			isa = PBXGroup;
			children = (
				0E12B0921B0CC96A00DDB57E /* AFNetworkActivityIndicatorManager.h */,
				0E12B0931B0CC96A00DDB57E /* AFNetworkActivityIndicatorManager.m */,
				0E12B0941B0CC96A00DDB57E /* UIActivityIndicatorView+AFNetworking.h */,
				0E12B0951B0CC96A00DDB57E /* UIActivityIndicatorView+AFNetworking.m */,
				0E12B0961B0CC96A00DDB57E /* UIAlertView+AFNetworking.h */,
				0E12B0971B0CC96A00DDB57E /* UIAlertView+AFNetworking.m */,
				0E12B0981B0CC96A00DDB57E /* UIButton+AFNetworking.h */,
				0E12B0991B0CC96A00DDB57E /* UIButton+AFNetworking.m */,
				0E12B09A1B0CC96A00DDB57E /* UIImageView+AFNetworking.h */,
				0E12B09B1B0CC96A00DDB57E /* UIImageView+AFNetworking.m */,
				0E12B09C1B0CC96A00DDB57E /* UIKit+AFNetworking.h */,
				0E12B09D1B0CC96A00DDB57E /* UIProgressView+AFNetworking.h */,
				0E12B09E1B0CC96A00DDB57E /* UIProgressView+AFNetworking.m */,
				0E12B09F1B0CC96A00DDB57E /* UIRefreshControl+AFNetworking.h */,
				0E12B0A01B0CC96A00DDB57E /* UIRefreshControl+AFNetworking.m */,
				0E12B0A11B0CC96A00DDB57E /* UIWebView+AFNetworking.h */,
				0E12B0A21B0CC96A00DDB57E /* UIWebView+AFNetworking.m */,
			);
			path = "UIKit+AFNetworking";
			sourceTree = "<group>";
		};
/* End PBXGroup section */

/* Begin PBXNativeTarget section */
		0E12B03B1B09DEC000DDB57E /* Twitter Test */ = {
			isa = PBXNativeTarget;
			buildConfigurationList = 0E12B05F1B09DEC000DDB57E /* Build configuration list for PBXNativeTarget "Twitter Test" */;
			buildPhases = (
				0E12B0381B09DEC000DDB57E /* Sources */,
				0E12B0391B09DEC000DDB57E /* Frameworks */,
				0E12B03A1B09DEC000DDB57E /* Resources */,
			);
			buildRules = (
			);
			dependencies = (
			);
			name = "Twitter Test";
			productName = "Twitter Test";
			productReference = 0E12B03C1B09DEC000DDB57E /* Twitter Test.app */;
			productType = "com.apple.product-type.application";
		};
		0E12B0541B09DEC000DDB57E /* Twitter TestTests */ = {
			isa = PBXNativeTarget;
			buildConfigurationList = 0E12B0621B09DEC000DDB57E /* Build configuration list for PBXNativeTarget "Twitter TestTests" */;
			buildPhases = (
				0E12B0511B09DEC000DDB57E /* Sources */,
				0E12B0521B09DEC000DDB57E /* Frameworks */,
				0E12B0531B09DEC000DDB57E /* Resources */,
			);
			buildRules = (
			);
			dependencies = (
				0E12B0571B09DEC000DDB57E /* PBXTargetDependency */,
			);
			name = "Twitter TestTests";
			productName = "Twitter TestTests";
			productReference = 0E12B0551B09DEC000DDB57E /* Twitter TestTests.xctest */;
			productType = "com.apple.product-type.bundle.unit-test";
		};
/* End PBXNativeTarget section */

/* Begin PBXProject section */
		0E12B0341B09DEC000DDB57E /* Project object */ = {
			isa = PBXProject;
			attributes = {
				LastUpgradeCheck = 0610;
				ORGANIZATIONNAME = Azerty;
				TargetAttributes = {
					0E12B03B1B09DEC000DDB57E = {
						CreatedOnToolsVersion = 6.1.1;
					};
					0E12B0541B09DEC000DDB57E = {
						CreatedOnToolsVersion = 6.1.1;
						TestTargetID = 0E12B03B1B09DEC000DDB57E;
					};
				};
			};
			buildConfigurationList = 0E12B0371B09DEC000DDB57E /* Build configuration list for PBXProject "Twitter Test" */;
			compatibilityVersion = "Xcode 3.2";
			developmentRegion = English;
			hasScannedForEncodings = 0;
			knownRegions = (
				en,
				Base,
			);
			mainGroup = 0E12B0331B09DEC000DDB57E;
			productRefGroup = 0E12B03D1B09DEC000DDB57E /* Products */;
			projectDirPath = "";
			projectRoot = "";
			targets = (
				0E12B03B1B09DEC000DDB57E /* Twitter Test */,
				0E12B0541B09DEC000DDB57E /* Twitter TestTests */,
			);
		};
/* End PBXProject section */

/* Begin PBXResourcesBuildPhase section */
		0E12B03A1B09DEC000DDB57E /* Resources */ = {
			isa = PBXResourcesBuildPhase;
			buildActionMask = 2147483647;
			files = (
				0E12B04B1B09DEC000DDB57E /* Main.storyboard in Resources */,
				0E12B0501B09DEC000DDB57E /* LaunchScreen.xib in Resources */,
				0E12B07A1B09EAD000DDB57E /* twitter_login 2.png in Resources */,
				0E12B07C1B09EAD000DDB57E /* twitter_logo.jpg in Resources */,
				0E12B0771B09EAD000DDB57E /* ActivPhone 7_Edt.png in Resources */,
				0E12B0791B09EAD000DDB57E /* follow.png in Resources */,
				0E12B04D1B09DEC000DDB57E /* Images.xcassets in Resources */,
				0E12B0761B09EAD000DDB57E /* ActivPhone 7_Btn_Std.png in Resources */,
				0E12B0751B09EAD000DDB57E /* ActivPhone 7_Btn_Menu3.png in Resources */,
				0E12B0781B09EAD000DDB57E /* follow 2.png in Resources */,
				0E12B07B1B09EAD000DDB57E /* twitter_login.png in Resources */,
			);
			runOnlyForDeploymentPostprocessing = 0;
		};
		0E12B0531B09DEC000DDB57E /* Resources */ = {
			isa = PBXResourcesBuildPhase;
			buildActionMask = 2147483647;
			files = (
			);
			runOnlyForDeploymentPostprocessing = 0;
		};
/* End PBXResourcesBuildPhase section */

/* Begin PBXSourcesBuildPhase section */
		0E12B0381B09DEC000DDB57E /* Sources */ = {
			isa = PBXSourcesBuildPhase;
			buildActionMask = 2147483647;
			files = (
				0E12B0A31B0CC96A00DDB57E /* AFHTTPRequestOperation.m in Sources */,
				0E12B0B01B0CC96A00DDB57E /* UIImageView+AFNetworking.m in Sources */,
				0E12B0481B09DEC000DDB57E /* ViewController.m in Sources */,
				0E12B0A41B0CC96A00DDB57E /* AFHTTPRequestOperationManager.m in Sources */,
				0E12B0B11B0CC96A00DDB57E /* UIProgressView+AFNetworking.m in Sources */,
				0E12B0A61B0CC96A00DDB57E /* AFNetworkReachabilityManager.m in Sources */,
				0E12B0AA1B0CC96A00DDB57E /* AFURLResponseSerialization.m in Sources */,
				0E12B0A81B0CC96A00DDB57E /* AFURLConnectionOperation.m in Sources */,
				0E12B0AF1B0CC96A00DDB57E /* UIButton+AFNetworking.m in Sources */,
				0E12B0AD1B0CC96A00DDB57E /* UIActivityIndicatorView+AFNetworking.m in Sources */,
				0E12B0B51B0CF0F000DDB57E /* main.m in Sources */,
				0E12B0A71B0CC96A00DDB57E /* AFSecurityPolicy.m in Sources */,
				0E12B0B21B0CC96A00DDB57E /* UIRefreshControl+AFNetworking.m in Sources */,
				0E12B0B31B0CC96A00DDB57E /* UIWebView+AFNetworking.m in Sources */,
				0E12B0A51B0CC96A00DDB57E /* AFHTTPSessionManager.m in Sources */,
				0E12B0AE1B0CC96A00DDB57E /* UIAlertView+AFNetworking.m in Sources */,
				0E12B0A91B0CC96A00DDB57E /* AFURLRequestSerialization.m in Sources */,
				0E12B0AC1B0CC96A00DDB57E /* AFNetworkActivityIndicatorManager.m in Sources */,
				0E12B0AB1B0CC96A00DDB57E /* AFURLSessionManager.m in Sources */,
				0E12B0451B09DEC000DDB57E /* AppDelegate.m in Sources */,
			);
			runOnlyForDeploymentPostprocessing = 0;
		};
		0E12B0511B09DEC000DDB57E /* Sources */ = {
			isa = PBXSourcesBuildPhase;
			buildActionMask = 2147483647;
			files = (
				0E12B05C1B09DEC000DDB57E /* Twitter_TestTests.m in Sources */,
			);
			runOnlyForDeploymentPostprocessing = 0;
		};
/* End PBXSourcesBuildPhase section */

/* Begin PBXTargetDependency section */
		0E12B0571B09DEC000DDB57E /* PBXTargetDependency */ = {
			isa = PBXTargetDependency;
			target = 0E12B03B1B09DEC000DDB57E /* Twitter Test */;
			targetProxy = 0E12B0561B09DEC000DDB57E /* PBXContainerItemProxy */;
		};
/* End PBXTargetDependency section */

/* Begin PBXVariantGroup section */
		0E12B0491B09DEC000DDB57E /* Main.storyboard */ = {
			isa = PBXVariantGroup;
			children = (
				0E12B04A1B09DEC000DDB57E /* Base */,
			);
			name = Main.storyboard;
			sourceTree = "<group>";
		};
		0E12B04E1B09DEC000DDB57E /* LaunchScreen.xib */ = {
			isa = PBXVariantGroup;
			children = (
				0E12B04F1B09DEC000DDB57E /* Base */,
			);
			name = LaunchScreen.xib;
			sourceTree = "<group>";
		};
/* End PBXVariantGroup section */

/* Begin XCBuildConfiguration section */
		0E12B05D1B09DEC000DDB57E /* Debug */ = {
			isa = XCBuildConfiguration;
			buildSettings = {
				ALWAYS_SEARCH_USER_PATHS = NO;
				CLANG_CXX_LANGUAGE_STANDARD = "gnu++0x";
				CLANG_CXX_LIBRARY = "libc++";
				CLANG_ENABLE_MODULES = YES;
				CLANG_ENABLE_OBJC_ARC = YES;
				CLANG_WARN_BOOL_CONVERSION = YES;
				CLANG_WARN_CONSTANT_CONVERSION = YES;
				CLANG_WARN_DIRECT_OBJC_ISA_USAGE = YES_ERROR;
				CLANG_WARN_EMPTY_BODY = YES;
				CLANG_WARN_ENUM_CONVERSION = YES;
				CLANG_WARN_INT_CONVERSION = YES;
				CLANG_WARN_OBJC_ROOT_CLASS = YES_ERROR;
				CLANG_WARN_UNREACHABLE_CODE = YES;
				CLANG_WARN__DUPLICATE_METHOD_MATCH = YES;
				"CODE_SIGN_IDENTITY[sdk=iphoneos*]" = "iPhone Developer";
				COPY_PHASE_STRIP = NO;
				ENABLE_STRICT_OBJC_MSGSEND = YES;
				GCC_C_LANGUAGE_STANDARD = gnu99;
				GCC_DYNAMIC_NO_PIC = NO;
				GCC_OPTIMIZATION_LEVEL = 0;
				GCC_PREPROCESSOR_DEFINITIONS = (
					"DEBUG=1",
					"$(inherited)",
				);
				GCC_SYMBOLS_PRIVATE_EXTERN = NO;
				GCC_WARN_64_TO_32_BIT_CONVERSION = YES;
				GCC_WARN_ABOUT_RETURN_TYPE = YES_ERROR;
				GCC_WARN_UNDECLARED_SELECTOR = YES;
				GCC_WARN_UNINITIALIZED_AUTOS = YES_AGGRESSIVE;
				GCC_WARN_UNUSED_FUNCTION = YES;
				GCC_WARN_UNUSED_VARIABLE = YES;
				IPHONEOS_DEPLOYMENT_TARGET = 8.1;
				MTL_ENABLE_DEBUG_INFO = YES;
				ONLY_ACTIVE_ARCH = YES;
				SDKROOT = iphoneos;
				TARGETED_DEVICE_FAMILY = "1,2";
			};
			name = Debug;
		};
		0E12B05E1B09DEC000DDB57E /* Release */ = {
			isa = XCBuildConfiguration;
			buildSettings = {
				ALWAYS_SEARCH_USER_PATHS = NO;
				CLANG_CXX_LANGUAGE_STANDARD = "gnu++0x";
				CLANG_CXX_LIBRARY = "libc++";
				CLANG_ENABLE_MODULES = YES;
				CLANG_ENABLE_OBJC_ARC = YES;
				CLANG_WARN_BOOL_CONVERSION = YES;
				CLANG_WARN_CONSTANT_CONVERSION = YES;
				CLANG_WARN_DIRECT_OBJC_ISA_USAGE = YES_ERROR;
				CLANG_WARN_EMPTY_BODY = YES;
				CLANG_WARN_ENUM_CONVERSION = YES;
				CLANG_WARN_INT_CONVERSION = YES;
				CLANG_WARN_OBJC_ROOT_CLASS = YES_ERROR;
				CLANG_WARN_UNREACHABLE_CODE = YES;
				CLANG_WARN__DUPLICATE_METHOD_MATCH = YES;
				"CODE_SIGN_IDENTITY[sdk=iphoneos*]" = "iPhone Developer";
				COPY_PHASE_STRIP = YES;
				ENABLE_NS_ASSERTIONS = NO;
				ENABLE_STRICT_OBJC_MSGSEND = YES;
				GCC_C_LANGUAGE_STANDARD = gnu99;
				GCC_WARN_64_TO_32_BIT_CONVERSION = YES;
				GCC_WARN_ABOUT_RETURN_TYPE = YES_ERROR;
				GCC_WARN_UNDECLARED_SELECTOR = YES;
				GCC_WARN_UNINITIALIZED_AUTOS = YES_AGGRESSIVE;
				GCC_WARN_UNUSED_FUNCTION = YES;
				GCC_WARN_UNUSED_VARIABLE = YES;
				IPHONEOS_DEPLOYMENT_TARGET = 8.1;
				MTL_ENABLE_DEBUG_INFO = NO;
				SDKROOT = iphoneos;
				TARGETED_DEVICE_FAMILY = "1,2";
				VALIDATE_PRODUCT = YES;
			};
			name = Release;
		};
		0E12B0601B09DEC000DDB57E /* Debug */ = {
			isa = XCBuildConfiguration;
			buildSettings = {
				ASSETCATALOG_COMPILER_APPICON_NAME = AppIcon;
				INFOPLIST_FILE = "Twitter Test/Info.plist";
				LD_RUNPATH_SEARCH_PATHS = "$(inherited) @executable_path/Frameworks";
				PRODUCT_NAME = "$(TARGET_NAME)";
			};
			name = Debug;
		};
		0E12B0611B09DEC000DDB57E /* Release */ = {
			isa = XCBuildConfiguration;
			buildSettings = {
				ASSETCATALOG_COMPILER_APPICON_NAME = AppIcon;
				INFOPLIST_FILE = "Twitter Test/Info.plist";
				LD_RUNPATH_SEARCH_PATHS = "$(inherited) @executable_path/Frameworks";
				PRODUCT_NAME = "$(TARGET_NAME)";
			};
			name = Release;
		};
		0E12B0631B09DEC000DDB57E /* Debug */ = {
			isa = XCBuildConfiguration;
			buildSettings = {
				BUNDLE_LOADER = "$(TEST_HOST)";
				FRAMEWORK_SEARCH_PATHS = (
					"$(SDKROOT)/Developer/Library/Frameworks",
					"$(inherited)",
				);
				GCC_PREPROCESSOR_DEFINITIONS = (
					"DEBUG=1",
					"$(inherited)",
				);
				INFOPLIST_FILE = "Twitter TestTests/Info.plist";
				LD_RUNPATH_SEARCH_PATHS = "$(inherited) @executable_path/Frameworks @loader_path/Frameworks";
				PRODUCT_NAME = "$(TARGET_NAME)";
				TEST_HOST = "$(BUILT_PRODUCTS_DIR)/Twitter Test.app/Twitter Test";
			};
			name = Debug;
		};
		0E12B0641B09DEC000DDB57E /* Release */ = {
			isa = XCBuildConfiguration;
			buildSettings = {
				BUNDLE_LOADER = "$(TEST_HOST)";
				FRAMEWORK_SEARCH_PATHS = (
					"$(SDKROOT)/Developer/Library/Frameworks",
					"$(inherited)",
				);
				INFOPLIST_FILE = "Twitter TestTests/Info.plist";
				LD_RUNPATH_SEARCH_PATHS = "$(inherited) @executable_path/Frameworks @loader_path/Frameworks";
				PRODUCT_NAME = "$(TARGET_NAME)";
				TEST_HOST = "$(BUILT_PRODUCTS_DIR)/Twitter Test.app/Twitter Test";
			};
			name = Release;
		};
/* End XCBuildConfiguration section */

/* Begin XCConfigurationList section */
		0E12B0371B09DEC000DDB57E /* Build configuration list for PBXProject "Twitter Test" */ = {
			isa = XCConfigurationList;
			buildConfigurations = (
				0E12B05D1B09DEC000DDB57E /* Debug */,
				0E12B05E1B09DEC000DDB57E /* Release */,
			);
			defaultConfigurationIsVisible = 0;
			defaultConfigurationName = Release;
		};
		0E12B05F1B09DEC000DDB57E /* Build configuration list for PBXNativeTarget "Twitter Test" */ = {
			isa = XCConfigurationList;
			buildConfigurations = (
				0E12B0601B09DEC000DDB57E /* Debug */,
				0E12B0611B09DEC000DDB57E /* Release */,
			);
			defaultConfigurationIsVisible = 0;
			defaultConfigurationName = Release;
		};
		0E12B0621B09DEC000DDB57E /* Build configuration list for PBXNativeTarget "Twitter TestTests" */ = {
			isa = XCConfigurationList;
			buildConfigurations = (
				0E12B0631B09DEC000DDB57E /* Debug */,
				0E12B0641B09DEC000DDB57E /* Release */,
			);
			defaultConfigurationIsVisible = 0;
			defaultConfigurationName = Release;
		};
/* End XCConfigurationList section */
	};
	rootObject = 0E12B0341B09DEC000DDB57E /* Project object */;
}
